# This file was autogenerated by Stack.
# You should not edit this file by hand.
# For more information, please see the documentation at:
#   https://docs.haskellstack.org/en/stable/lock_files

packages: []
snapshots:
- completed:
    sha256: 1435a8c3c419d01af402eef9c0938adb601031d8ed625622ef1519fa726db042
    size: 665058
    url: https://raw.githubusercontent.com/commercialhaskell/stackage-snapshots/master/nightly/2024/10/11.yaml
  original: nightly-2024-10-11
